
Microsoft Visual Studio Solution File, Format Version 12.00
# Visual Studio 14
VisualStudioVersion = 14.0.25420.1
MinimumVisualStudioVersion = 10.0.40219.1
Project("{FAE04EC0-301F-11D3-BF4B-00C04F79EFBC}") = "Fiscoo", "Fiscoo\Fiscoo.csproj", "{0B7E1CA0-5CD9-47A4-A0C7-8D9995F8BD6E}"
EndProject
Project("{FAE04EC0-301F-11D3-BF4B-00C04F79EFBC}") = "Fiscoo.Tests", "Fiscoo.Tests\Fiscoo.Tests.csproj", "{2409EB12-E4AD-42C3-90D5-48023E89A668}"
EndProject
Global
	GlobalSection(SolutionConfigurationPlatforms) = preSolution
		Debug|Any CPU = Debug|Any CPU
		Release|Any CPU = Release|Any CPU
	EndGlobalSection
	GlobalSection(ProjectConfigurationPlatforms) = postSolution
		{0B7E1CA0-5CD9-47A4-A0C7-8D9995F8BD6E}.Debug|Any CPU.ActiveCfg = Debug|Any CPU
		{0B7E1CA0-5CD9-47A4-A0C7-8D9995F8BD6E}.Debug|Any CPU.Build.0 = Debug|Any CPU
		{0B7E1CA0-5CD9-47A4-A0C7-8D9995F8BD6E}.Release|Any CPU.ActiveCfg = Release|Any CPU
		{0B7E1CA0-5CD9-47A4-A0C7-8D9995F8BD6E}.Release|Any CPU.Build.0 = Release|Any CPU
		{2409EB12-E4AD-42C3-90D5-48023E89A668}.Debug|Any CPU.ActiveCfg = Debug|Any CPU
		{2409EB12-E4AD-42C3-90D5-48023E89A668}.Debug|Any CPU.Build.0 = Debug|Any CPU
		{2409EB12-E4AD-42C3-90D5-48023E89A668}.Release|Any CPU.ActiveCfg = Release|Any CPU
		{2409EB12-E4AD-42C3-90D5-48023E89A668}.Release|Any CPU.Build.0 = Release|Any CPU
	EndGlobalSection
	GlobalSection(SolutionProperties) = preSolution
		HideSolutionNode = FALSE
	EndGlobalSection
EndGlobal
